
Microsoft Visual Studio Solution File, Format Version 12.00
# Visual Studio Version 17
VisualStudioVersion = 17.3.32922.545
MinimumVisualStudioVersion = 10.0.40219.1
Project("{9A19103F-16F7-4668-BE54-9A1E7A4F7556}") = "net_advanced_course.API", "net_advanced_course.API\net_advanced_course.API.csproj", "{1D81CC02-935A-4497-9FE8-487068000E10}"
EndProject
Project("{9A19103F-16F7-4668-BE54-9A1E7A4F7556}") = "net_advanced_course.BLL", "net_advanced_course.BLL\net_advanced_course.BLL.csproj", "{7729AF3B-114E-42C2-A0BB-F87F6467C946}"
EndProject
Project("{9A19103F-16F7-4668-BE54-9A1E7A4F7556}") = "net_advanced_course.DAL", "net_advanced_course.DAL\net_advanced_course.DAL.csproj", "{72F0C67C-DD5E-4818-B078-1F32069C7372}"
EndProject
Global
	GlobalSection(SolutionConfigurationPlatforms) = preSolution
		Debug|Any CPU = Debug|Any CPU
		Release|Any CPU = Release|Any CPU
	EndGlobalSection
	GlobalSection(ProjectConfigurationPlatforms) = postSolution
		{1D81CC02-935A-4497-9FE8-487068000E10}.Debug|Any CPU.ActiveCfg = Debug|Any CPU
		{1D81CC02-935A-4497-9FE8-487068000E10}.Debug|Any CPU.Build.0 = Debug|Any CPU
		{1D81CC02-935A-4497-9FE8-487068000E10}.Release|Any CPU.ActiveCfg = Release|Any CPU
		{1D81CC02-935A-4497-9FE8-487068000E10}.Release|Any CPU.Build.0 = Release|Any CPU
		{7729AF3B-114E-42C2-A0BB-F87F6467C946}.Debug|Any CPU.ActiveCfg = Debug|Any CPU
		{7729AF3B-114E-42C2-A0BB-F87F6467C946}.Debug|Any CPU.Build.0 = Debug|Any CPU
		{7729AF3B-114E-42C2-A0BB-F87F6467C946}.Release|Any CPU.ActiveCfg = Release|Any CPU
		{7729AF3B-114E-42C2-A0BB-F87F6467C946}.Release|Any CPU.Build.0 = Release|Any CPU
		{72F0C67C-DD5E-4818-B078-1F32069C7372}.Debug|Any CPU.ActiveCfg = Debug|Any CPU
		{72F0C67C-DD5E-4818-B078-1F32069C7372}.Debug|Any CPU.Build.0 = Debug|Any CPU
		{72F0C67C-DD5E-4818-B078-1F32069C7372}.Release|Any CPU.ActiveCfg = Release|Any CPU
		{72F0C67C-DD5E-4818-B078-1F32069C7372}.Release|Any CPU.Build.0 = Release|Any CPU
	EndGlobalSection
	GlobalSection(SolutionProperties) = preSolution
		HideSolutionNode = FALSE
	EndGlobalSection
	GlobalSection(ExtensibilityGlobals) = postSolution
		SolutionGuid = {FE074AB0-5C4D-46E1-842A-3FC9C2BE4DC2}
	EndGlobalSection
EndGlobal
